
Microsoft Visual Studio Solution File, Format Version 12.00
# Visual Studio Version 17
VisualStudioVersion = 17.6.33927.249
MinimumVisualStudioVersion = 10.0.40219.1
Project("{9A19103F-16F7-4668-BE54-9A1E7A4F7556}") = "ScreenSound_04", "ScreenSound_04.csproj", "{28EABADD-6A32-49E5-B3EC-4E59355CC7DF}"
EndProject
Project("{2150E333-8FDC-42A3-9474-1A3956D46DE8}") = "img", "img", "{86A1F566-4A21-404E-B95D-C2245574E7F7}"
	ProjectSection(SolutionItems) = preProject
		..\Captura de tela 2024-01-30 094943.png = ..\Captura de tela 2024-01-30 094943.png
	EndProjectSection
EndProject
Global
	GlobalSection(SolutionConfigurationPlatforms) = preSolution
		Debug|Any CPU = Debug|Any CPU
		Release|Any CPU = Release|Any CPU
	EndGlobalSection
	GlobalSection(ProjectConfigurationPlatforms) = postSolution
		{28EABADD-6A32-49E5-B3EC-4E59355CC7DF}.Debug|Any CPU.ActiveCfg = Debug|Any CPU
		{28EABADD-6A32-49E5-B3EC-4E59355CC7DF}.Debug|Any CPU.Build.0 = Debug|Any CPU
		{28EABADD-6A32-49E5-B3EC-4E59355CC7DF}.Release|Any CPU.ActiveCfg = Release|Any CPU
		{28EABADD-6A32-49E5-B3EC-4E59355CC7DF}.Release|Any CPU.Build.0 = Release|Any CPU
	EndGlobalSection
	GlobalSection(SolutionProperties) = preSolution
		HideSolutionNode = FALSE
	EndGlobalSection
	GlobalSection(ExtensibilityGlobals) = postSolution
		SolutionGuid = {9D8DA89B-9252-4DC0-8EF5-297246E17372}
	EndGlobalSection
EndGlobal
